
Microsoft Visual Studio Solution File, Format Version 12.00
# Visual Studio Version 16
VisualStudioVersion = 16.0.32929.386
MinimumVisualStudioVersion = 10.0.40219.1
Project("{FAE04EC0-301F-11D3-BF4B-00C04F79EFBC}") = "DamageDetector", "DamageDetector\DamageDetector.csproj", "{2E413E6D-66C8-4E5D-BE9D-3A5B87EAAF84}"
EndProject
Project("{FAE04EC0-301F-11D3-BF4B-00C04F79EFBC}") = "ShareInertiaTensor", "ShareInertiaTensor\ShareInertiaTensor.csproj", "{7E04CC34-46FC-48DD-AC44-5C23ECDE61FA}"
EndProject
Project("{FAE04EC0-301F-11D3-BF4B-00C04F79EFBC}") = "RadioReceiver", "RadioReceiver\RadioReceiver.csproj", "{38AFDAF4-8B89-41ED-A87A-21C5CC039994}"
EndProject
Project("{FAE04EC0-301F-11D3-BF4B-00C04F79EFBC}") = "AssemblerMonitor", "AssemblerMonitor\AssemblerMonitor.csproj", "{40A7042E-D602-4942-A596-C43A108DC2E7}"
EndProject
Project("{FAE04EC0-301F-11D3-BF4B-00C04F79EFBC}") = "Asteroid Tagger", "Asteroid Tagger\Asteroid Tagger.csproj", "{3E13E98A-21F9-42FB-986C-28E4E3F413D0}"
EndProject
Project("{FAE04EC0-301F-11D3-BF4B-00C04F79EFBC}") = "QueueStacker", "QueueStacker\QueueStacker.csproj", "{BE569B55-B8A9-4140-8B82-576069CDAD55}"
EndProject
Project("{FAE04EC0-301F-11D3-BF4B-00C04F79EFBC}") = "AssemberBalancer", "AssemberBalancer\AssemberBalancer.csproj", "{9BE78ADA-BDC0-4C18-A478-48CA00A8E18A}"
EndProject
Project("{FAE04EC0-301F-11D3-BF4B-00C04F79EFBC}") = "DrillCleaner", "DrillCleaner\DrillCleaner.csproj", "{90D02561-29F3-4A58-8A79-445D79CE5627}"
EndProject
Global
	GlobalSection(SolutionConfigurationPlatforms) = preSolution
		Debug|x64 = Debug|x64
	EndGlobalSection
	GlobalSection(ProjectConfigurationPlatforms) = postSolution
		{2E413E6D-66C8-4E5D-BE9D-3A5B87EAAF84}.Debug|x64.ActiveCfg = Debug|x64
		{2E413E6D-66C8-4E5D-BE9D-3A5B87EAAF84}.Debug|x64.Build.0 = Debug|x64
		{7E04CC34-46FC-48DD-AC44-5C23ECDE61FA}.Debug|x64.ActiveCfg = Debug|x64
		{7E04CC34-46FC-48DD-AC44-5C23ECDE61FA}.Debug|x64.Build.0 = Debug|x64
		{38AFDAF4-8B89-41ED-A87A-21C5CC039994}.Debug|x64.ActiveCfg = Debug|x64
		{38AFDAF4-8B89-41ED-A87A-21C5CC039994}.Debug|x64.Build.0 = Debug|x64
		{40A7042E-D602-4942-A596-C43A108DC2E7}.Debug|x64.ActiveCfg = Debug|x64
		{40A7042E-D602-4942-A596-C43A108DC2E7}.Debug|x64.Build.0 = Debug|x64
		{3E13E98A-21F9-42FB-986C-28E4E3F413D0}.Debug|x64.ActiveCfg = Debug|x64
		{3E13E98A-21F9-42FB-986C-28E4E3F413D0}.Debug|x64.Build.0 = Debug|x64
		{BE569B55-B8A9-4140-8B82-576069CDAD55}.Debug|x64.ActiveCfg = Debug|x64
		{BE569B55-B8A9-4140-8B82-576069CDAD55}.Debug|x64.Build.0 = Debug|x64
		{9BE78ADA-BDC0-4C18-A478-48CA00A8E18A}.Debug|x64.ActiveCfg = Debug|x64
		{9BE78ADA-BDC0-4C18-A478-48CA00A8E18A}.Debug|x64.Build.0 = Debug|x64
		{90D02561-29F3-4A58-8A79-445D79CE5627}.Debug|x64.ActiveCfg = Debug|x64
		{90D02561-29F3-4A58-8A79-445D79CE5627}.Debug|x64.Build.0 = Debug|x64
	EndGlobalSection
	GlobalSection(SolutionProperties) = preSolution
		HideSolutionNode = FALSE
	EndGlobalSection
	GlobalSection(ExtensibilityGlobals) = postSolution
		SolutionGuid = {78F01627-F60C-45AD-A125-C97923F0CD40}
	EndGlobalSection
EndGlobal
